// !$*UTF8*$!
{
	archiveVersion = 1;
	classes = {
	};
	objectVersion = 55;
	objects = {

/* Begin PBXBuildFile section */
		DA134ABF29B84FDE0038B86B /* KhaltiDesign_SwiftUIApp.swift in Sources */ = {isa = PBXBuildFile; fileRef = DA134ABE29B84FDE0038B86B /* KhaltiDesign_SwiftUIApp.swift */; };
		DA134AC129B84FDE0038B86B /* HomeView.swift in Sources */ = {isa = PBXBuildFile; fileRef = DA134AC029B84FDE0038B86B /* HomeView.swift */; };
		DA134AC329B84FE10038B86B /* Assets.xcassets in Resources */ = {isa = PBXBuildFile; fileRef = DA134AC229B84FE10038B86B /* Assets.xcassets */; };
		DA134AC629B84FE10038B86B /* Preview Assets.xcassets in Resources */ = {isa = PBXBuildFile; fileRef = DA134AC529B84FE10038B86B /* Preview Assets.xcassets */; };
		DA134ACD29B86DCB0038B86B /* CustomTabBar.swift in Sources */ = {isa = PBXBuildFile; fileRef = DA134ACC29B86DCB0038B86B /* CustomTabBar.swift */; };
		DA134AD129B8D9F10038B86B /* RechargeAndPaymentModel.swift in Sources */ = {isa = PBXBuildFile; fileRef = DA134AD029B8D9F10038B86B /* RechargeAndPaymentModel.swift */; };
		DA2FF65529B9AB7300D1E4B9 /* ServicesModel.swift in Sources */ = {isa = PBXBuildFile; fileRef = DA2FF65429B9AB7200D1E4B9 /* ServicesModel.swift */; };
		DA2FF65729B9D4BE00D1E4B9 /* AdImagesModel.swift in Sources */ = {isa = PBXBuildFile; fileRef = DA2FF65629B9D4BE00D1E4B9 /* AdImagesModel.swift */; };
		DA40DA0929BA61FC00D770AD /* KhaltiSupportModel.swift in Sources */ = {isa = PBXBuildFile; fileRef = DA40DA0829BA61FC00D770AD /* KhaltiSupportModel.swift */; };
		DA7A106829BD851200EB2618 /* ViewRouter.swift in Sources */ = {isa = PBXBuildFile; fileRef = DA7A106729BD851200EB2618 /* ViewRouter.swift */; };
		DA7A106C29BDAA3200EB2618 /* ViewBuilders.swift in Sources */ = {isa = PBXBuildFile; fileRef = DA7A106B29BDAA3200EB2618 /* ViewBuilders.swift */; };
		DA7A1EB529BC8DA7002372FF /* ViewExtensions.swift in Sources */ = {isa = PBXBuildFile; fileRef = DA7A1EB429BC8DA7002372FF /* ViewExtensions.swift */; };
		DABBBBD829BE53C7008F3B55 /* EdgeInsets.swift in Sources */ = {isa = PBXBuildFile; fileRef = DABBBBD729BE53C7008F3B55 /* EdgeInsets.swift */; };
/* End PBXBuildFile section */

/* Begin PBXFileReference section */
		DA134ABB29B84FDE0038B86B /* KhaltiDesign-SwiftUI.app */ = {isa = PBXFileReference; explicitFileType = wrapper.application; includeInIndex = 0; path = "KhaltiDesign-SwiftUI.app"; sourceTree = BUILT_PRODUCTS_DIR; };
		DA134ABE29B84FDE0038B86B /* KhaltiDesign_SwiftUIApp.swift */ = {isa = PBXFileReference; lastKnownFileType = sourcecode.swift; path = KhaltiDesign_SwiftUIApp.swift; sourceTree = "<group>"; };
		DA134AC029B84FDE0038B86B /* HomeView.swift */ = {isa = PBXFileReference; lastKnownFileType = sourcecode.swift; path = HomeView.swift; sourceTree = "<group>"; };
		DA134AC229B84FE10038B86B /* Assets.xcassets */ = {isa = PBXFileReference; lastKnownFileType = folder.assetcatalog; path = Assets.xcassets; sourceTree = "<group>"; };
		DA134AC529B84FE10038B86B /* Preview Assets.xcassets */ = {isa = PBXFileReference; lastKnownFileType = folder.assetcatalog; path = "Preview Assets.xcassets"; sourceTree = "<group>"; };
		DA134ACC29B86DCB0038B86B /* CustomTabBar.swift */ = {isa = PBXFileReference; lastKnownFileType = sourcecode.swift; path = CustomTabBar.swift; sourceTree = "<group>"; };
		DA134AD029B8D9F10038B86B /* RechargeAndPaymentModel.swift */ = {isa = PBXFileReference; lastKnownFileType = sourcecode.swift; path = RechargeAndPaymentModel.swift; sourceTree = "<group>"; };
		DA2FF65429B9AB7200D1E4B9 /* ServicesModel.swift */ = {isa = PBXFileReference; lastKnownFileType = sourcecode.swift; path = ServicesModel.swift; sourceTree = "<group>"; };
		DA2FF65629B9D4BE00D1E4B9 /* AdImagesModel.swift */ = {isa = PBXFileReference; lastKnownFileType = sourcecode.swift; path = AdImagesModel.swift; sourceTree = "<group>"; };
		DA40DA0829BA61FC00D770AD /* KhaltiSupportModel.swift */ = {isa = PBXFileReference; lastKnownFileType = sourcecode.swift; path = KhaltiSupportModel.swift; sourceTree = "<group>"; };
		DA7A106729BD851200EB2618 /* ViewRouter.swift */ = {isa = PBXFileReference; lastKnownFileType = sourcecode.swift; path = ViewRouter.swift; sourceTree = "<group>"; };
		DA7A106B29BDAA3200EB2618 /* ViewBuilders.swift */ = {isa = PBXFileReference; lastKnownFileType = sourcecode.swift; path = ViewBuilders.swift; sourceTree = "<group>"; };
		DA7A1EB429BC8DA7002372FF /* ViewExtensions.swift */ = {isa = PBXFileReference; lastKnownFileType = sourcecode.swift; path = ViewExtensions.swift; sourceTree = "<group>"; };
		DABBBBD729BE53C7008F3B55 /* EdgeInsets.swift */ = {isa = PBXFileReference; lastKnownFileType = sourcecode.swift; path = EdgeInsets.swift; sourceTree = "<group>"; };
/* End PBXFileReference section */

/* Begin PBXFrameworksBuildPhase section */
		DA134AB829B84FDE0038B86B /* Frameworks */ = {
			isa = PBXFrameworksBuildPhase;
			buildActionMask = 2147483647;
			files = (
			);
			runOnlyForDeploymentPostprocessing = 0;
		};
/* End PBXFrameworksBuildPhase section */

/* Begin PBXGroup section */
		DA134AB229B84FDE0038B86B = {
			isa = PBXGroup;
			children = (
				DA134ABD29B84FDE0038B86B /* KhaltiDesign-SwiftUI */,
				DA134ABC29B84FDE0038B86B /* Products */,
			);
			sourceTree = "<group>";
		};
		DA134ABC29B84FDE0038B86B /* Products */ = {
			isa = PBXGroup;
			children = (
				DA134ABB29B84FDE0038B86B /* KhaltiDesign-SwiftUI.app */,
			);
			name = Products;
			sourceTree = "<group>";
		};
		DA134ABD29B84FDE0038B86B /* KhaltiDesign-SwiftUI */ = {
			isa = PBXGroup;
			children = (
				DABBBBD429BE3987008F3B55 /* TabBar */,
				DA7A1EB129BC8CBD002372FF /* Home */,
				DA134ABE29B84FDE0038B86B /* KhaltiDesign_SwiftUIApp.swift */,
				DA134AC229B84FE10038B86B /* Assets.xcassets */,
				DA134AC429B84FE10038B86B /* Preview Content */,
			);
			path = "KhaltiDesign-SwiftUI";
			sourceTree = "<group>";
		};
		DA134AC429B84FE10038B86B /* Preview Content */ = {
			isa = PBXGroup;
			children = (
				DA134AC529B84FE10038B86B /* Preview Assets.xcassets */,
			);
			path = "Preview Content";
			sourceTree = "<group>";
		};
		DA134AD229B8DA000038B86B /* Model */ = {
			isa = PBXGroup;
			children = (
				DA134AD029B8D9F10038B86B /* RechargeAndPaymentModel.swift */,
				DA2FF65429B9AB7200D1E4B9 /* ServicesModel.swift */,
				DA2FF65629B9D4BE00D1E4B9 /* AdImagesModel.swift */,
				DA40DA0829BA61FC00D770AD /* KhaltiSupportModel.swift */,
			);
			path = Model;
			sourceTree = "<group>";
		};
		DA7A1EB129BC8CBD002372FF /* Home */ = {
			isa = PBXGroup;
			children = (
				DA7A1EB329BC8D94002372FF /* Helper */,
				DA134AD229B8DA000038B86B /* Model */,
				DA7A1EB229BC8CC4002372FF /* View */,
			);
			path = Home;
			sourceTree = "<group>";
		};
		DA7A1EB229BC8CC4002372FF /* View */ = {
			isa = PBXGroup;
			children = (
				DA134AC029B84FDE0038B86B /* HomeView.swift */,
			);
			path = View;
			sourceTree = "<group>";
		};
		DA7A1EB329BC8D94002372FF /* Helper */ = {
			isa = PBXGroup;
			children = (
				DA7A1EB429BC8DA7002372FF /* ViewExtensions.swift */,
				DA7A106B29BDAA3200EB2618 /* ViewBuilders.swift */,
				DABBBBD729BE53C7008F3B55 /* EdgeInsets.swift */,
			);
			path = Helper;
			sourceTree = "<group>";
		};
		DABBBBD429BE3987008F3B55 /* TabBar */ = {
			isa = PBXGroup;
			children = (
				DABBBBD629BE39E3008F3B55 /* Helper */,
				DABBBBD529BE39CC008F3B55 /* View */,
			);
			path = TabBar;
			sourceTree = "<group>";
		};
		DABBBBD529BE39CC008F3B55 /* View */ = {
			isa = PBXGroup;
			children = (
				DA134ACC29B86DCB0038B86B /* CustomTabBar.swift */,
			);
			path = View;
			sourceTree = "<group>";
		};
		DABBBBD629BE39E3008F3B55 /* Helper */ = {
			isa = PBXGroup;
			children = (
				DA7A106729BD851200EB2618 /* ViewRouter.swift */,
			);
			path = Helper;
			sourceTree = "<group>";
		};
/* End PBXGroup section */

/* Begin PBXNativeTarget section */
		DA134ABA29B84FDE0038B86B /* KhaltiDesign-SwiftUI */ = {
			isa = PBXNativeTarget;
			buildConfigurationList = DA134AC929B84FE10038B86B /* Build configuration list for PBXNativeTarget "KhaltiDesign-SwiftUI" */;
			buildPhases = (
				DA134AB729B84FDE0038B86B /* Sources */,
				DA134AB829B84FDE0038B86B /* Frameworks */,
				DA134AB929B84FDE0038B86B /* Resources */,
			);
			buildRules = (
			);
			dependencies = (
			);
			name = "KhaltiDesign-SwiftUI";
			productName = "KhaltiDesign-SwiftUI";
			productReference = DA134ABB29B84FDE0038B86B /* KhaltiDesign-SwiftUI.app */;
			productType = "com.apple.product-type.application";
		};
/* End PBXNativeTarget section */

/* Begin PBXProject section */
		DA134AB329B84FDE0038B86B /* Project object */ = {
			isa = PBXProject;
			attributes = {
				BuildIndependentTargetsInParallel = 1;
				LastSwiftUpdateCheck = 1340;
				LastUpgradeCheck = 1340;
				TargetAttributes = {
					DA134ABA29B84FDE0038B86B = {
						CreatedOnToolsVersion = 13.4.1;
					};
				};
			};
			buildConfigurationList = DA134AB629B84FDE0038B86B /* Build configuration list for PBXProject "KhaltiDesign-SwiftUI" */;
			compatibilityVersion = "Xcode 13.0";
			developmentRegion = en;
			hasScannedForEncodings = 0;
			knownRegions = (
				en,
				Base,
			);
			mainGroup = DA134AB229B84FDE0038B86B;
			productRefGroup = DA134ABC29B84FDE0038B86B /* Products */;
			projectDirPath = "";
			projectRoot = "";
			targets = (
				DA134ABA29B84FDE0038B86B /* KhaltiDesign-SwiftUI */,
			);
		};
/* End PBXProject section */

/* Begin PBXResourcesBuildPhase section */
		DA134AB929B84FDE0038B86B /* Resources */ = {
			isa = PBXResourcesBuildPhase;
			buildActionMask = 2147483647;
			files = (
				DA134AC629B84FE10038B86B /* Preview Assets.xcassets in Resources */,
				DA134AC329B84FE10038B86B /* Assets.xcassets in Resources */,
			);
			runOnlyForDeploymentPostprocessing = 0;
		};
/* End PBXResourcesBuildPhase section */

/* Begin PBXSourcesBuildPhase section */
		DA134AB729B84FDE0038B86B /* Sources */ = {
			isa = PBXSourcesBuildPhase;
			buildActionMask = 2147483647;
			files = (
				DA134AC129B84FDE0038B86B /* HomeView.swift in Sources */,
				DA134ACD29B86DCB0038B86B /* CustomTabBar.swift in Sources */,
				DA7A106C29BDAA3200EB2618 /* ViewBuilders.swift in Sources */,
				DABBBBD829BE53C7008F3B55 /* EdgeInsets.swift in Sources */,
				DA134AD129B8D9F10038B86B /* RechargeAndPaymentModel.swift in Sources */,
				DA134ABF29B84FDE0038B86B /* KhaltiDesign_SwiftUIApp.swift in Sources */,
				DA2FF65529B9AB7300D1E4B9 /* ServicesModel.swift in Sources */,
				DA7A106829BD851200EB2618 /* ViewRouter.swift in Sources */,
				DA40DA0929BA61FC00D770AD /* KhaltiSupportModel.swift in Sources */,
				DA2FF65729B9D4BE00D1E4B9 /* AdImagesModel.swift in Sources */,
				DA7A1EB529BC8DA7002372FF /* ViewExtensions.swift in Sources */,
			);
			runOnlyForDeploymentPostprocessing = 0;
		};
/* End PBXSourcesBuildPhase section */

/* Begin XCBuildConfiguration section */
		DA134AC729B84FE10038B86B /* Debug */ = {
			isa = XCBuildConfiguration;
			buildSettings = {
				ALWAYS_SEARCH_USER_PATHS = NO;
				CLANG_ANALYZER_NONNULL = YES;
				CLANG_ANALYZER_NUMBER_OBJECT_CONVERSION = YES_AGGRESSIVE;
				CLANG_CXX_LANGUAGE_STANDARD = "gnu++17";
				CLANG_ENABLE_MODULES = YES;
				CLANG_ENABLE_OBJC_ARC = YES;
				CLANG_ENABLE_OBJC_WEAK = YES;
				CLANG_WARN_BLOCK_CAPTURE_AUTORELEASING = YES;
				CLANG_WARN_BOOL_CONVERSION = YES;
				CLANG_WARN_COMMA = YES;
				CLANG_WARN_CONSTANT_CONVERSION = YES;
				CLANG_WARN_DEPRECATED_OBJC_IMPLEMENTATIONS = YES;
				CLANG_WARN_DIRECT_OBJC_ISA_USAGE = YES_ERROR;
				CLANG_WARN_DOCUMENTATION_COMMENTS = YES;
				CLANG_WARN_EMPTY_BODY = YES;
				CLANG_WARN_ENUM_CONVERSION = YES;
				CLANG_WARN_INFINITE_RECURSION = YES;
				CLANG_WARN_INT_CONVERSION = YES;
				CLANG_WARN_NON_LITERAL_NULL_CONVERSION = YES;
				CLANG_WARN_OBJC_IMPLICIT_RETAIN_SELF = YES;
				CLANG_WARN_OBJC_LITERAL_CONVERSION = YES;
				CLANG_WARN_OBJC_ROOT_CLASS = YES_ERROR;
				CLANG_WARN_QUOTED_INCLUDE_IN_FRAMEWORK_HEADER = YES;
				CLANG_WARN_RANGE_LOOP_ANALYSIS = YES;
				CLANG_WARN_STRICT_PROTOTYPES = YES;
				CLANG_WARN_SUSPICIOUS_MOVE = YES;
				CLANG_WARN_UNGUARDED_AVAILABILITY = YES_AGGRESSIVE;
				CLANG_WARN_UNREACHABLE_CODE = YES;
				CLANG_WARN__DUPLICATE_METHOD_MATCH = YES;
				COPY_PHASE_STRIP = NO;
				DEBUG_INFORMATION_FORMAT = dwarf;
				ENABLE_STRICT_OBJC_MSGSEND = YES;
				ENABLE_TESTABILITY = YES;
				GCC_C_LANGUAGE_STANDARD = gnu11;
				GCC_DYNAMIC_NO_PIC = NO;
				GCC_NO_COMMON_BLOCKS = YES;
				GCC_OPTIMIZATION_LEVEL = 0;
				GCC_PREPROCESSOR_DEFINITIONS = (
					"DEBUG=1",
					"$(inherited)",
				);
				GCC_WARN_64_TO_32_BIT_CONVERSION = YES;
				GCC_WARN_ABOUT_RETURN_TYPE = YES_ERROR;
				GCC_WARN_UNDECLARED_SELECTOR = YES;
				GCC_WARN_UNINITIALIZED_AUTOS = YES_AGGRESSIVE;
				GCC_WARN_UNUSED_FUNCTION = YES;
				GCC_WARN_UNUSED_VARIABLE = YES;
				IPHONEOS_DEPLOYMENT_TARGET = 15.5;
				MTL_ENABLE_DEBUG_INFO = INCLUDE_SOURCE;
				MTL_FAST_MATH = YES;
				ONLY_ACTIVE_ARCH = YES;
				SDKROOT = iphoneos;
				SWIFT_ACTIVE_COMPILATION_CONDITIONS = DEBUG;
				SWIFT_OPTIMIZATION_LEVEL = "-Onone";
			};
			name = Debug;
		};
		DA134AC829B84FE10038B86B /* Release */ = {
			isa = XCBuildConfiguration;
			buildSettings = {
				ALWAYS_SEARCH_USER_PATHS = NO;
				CLANG_ANALYZER_NONNULL = YES;
				CLANG_ANALYZER_NUMBER_OBJECT_CONVERSION = YES_AGGRESSIVE;
				CLANG_CXX_LANGUAGE_STANDARD = "gnu++17";
				CLANG_ENABLE_MODULES = YES;
				CLANG_ENABLE_OBJC_ARC = YES;
				CLANG_ENABLE_OBJC_WEAK = YES;
				CLANG_WARN_BLOCK_CAPTURE_AUTORELEASING = YES;
				CLANG_WARN_BOOL_CONVERSION = YES;
				CLANG_WARN_COMMA = YES;
				CLANG_WARN_CONSTANT_CONVERSION = YES;
				CLANG_WARN_DEPRECATED_OBJC_IMPLEMENTATIONS = YES;
				CLANG_WARN_DIRECT_OBJC_ISA_USAGE = YES_ERROR;
				CLANG_WARN_DOCUMENTATION_COMMENTS = YES;
				CLANG_WARN_EMPTY_BODY = YES;
				CLANG_WARN_ENUM_CONVERSION = YES;
				CLANG_WARN_INFINITE_RECURSION = YES;
				CLANG_WARN_INT_CONVERSION = YES;
				CLANG_WARN_NON_LITERAL_NULL_CONVERSION = YES;
				CLANG_WARN_OBJC_IMPLICIT_RETAIN_SELF = YES;
				CLANG_WARN_OBJC_LITERAL_CONVERSION = YES;
				CLANG_WARN_OBJC_ROOT_CLASS = YES_ERROR;
				CLANG_WARN_QUOTED_INCLUDE_IN_FRAMEWORK_HEADER = YES;
				CLANG_WARN_RANGE_LOOP_ANALYSIS = YES;
				CLANG_WARN_STRICT_PROTOTYPES = YES;
				CLANG_WARN_SUSPICIOUS_MOVE = YES;
				CLANG_WARN_UNGUARDED_AVAILABILITY = YES_AGGRESSIVE;
				CLANG_WARN_UNREACHABLE_CODE = YES;
				CLANG_WARN__DUPLICATE_METHOD_MATCH = YES;
				COPY_PHASE_STRIP = NO;
				DEBUG_INFORMATION_FORMAT = "dwarf-with-dsym";
				ENABLE_NS_ASSERTIONS = NO;
				ENABLE_STRICT_OBJC_MSGSEND = YES;
				GCC_C_LANGUAGE_STANDARD = gnu11;
				GCC_NO_COMMON_BLOCKS = YES;
				GCC_WARN_64_TO_32_BIT_CONVERSION = YES;
				GCC_WARN_ABOUT_RETURN_TYPE = YES_ERROR;
				GCC_WARN_UNDECLARED_SELECTOR = YES;
				GCC_WARN_UNINITIALIZED_AUTOS = YES_AGGRESSIVE;
				GCC_WARN_UNUSED_FUNCTION = YES;
				GCC_WARN_UNUSED_VARIABLE = YES;
				IPHONEOS_DEPLOYMENT_TARGET = 15.5;
				MTL_ENABLE_DEBUG_INFO = NO;
				MTL_FAST_MATH = YES;
				SDKROOT = iphoneos;
				SWIFT_COMPILATION_MODE = wholemodule;
				SWIFT_OPTIMIZATION_LEVEL = "-O";
				VALIDATE_PRODUCT = YES;
			};
			name = Release;
		};
		DA134ACA29B84FE10038B86B /* Debug */ = {
			isa = XCBuildConfiguration;
			buildSettings = {
				ASSETCATALOG_COMPILER_APPICON_NAME = AppIcon;
				ASSETCATALOG_COMPILER_GLOBAL_ACCENT_COLOR_NAME = AccentColor;
				CODE_SIGN_STYLE = Automatic;
				CURRENT_PROJECT_VERSION = 1;
				DEVELOPMENT_ASSET_PATHS = "\"KhaltiDesign-SwiftUI/Preview Content\"";
				ENABLE_PREVIEWS = YES;
				GENERATE_INFOPLIST_FILE = YES;
				INFOPLIST_KEY_UIApplicationSceneManifest_Generation = YES;
				INFOPLIST_KEY_UIApplicationSupportsIndirectInputEvents = YES;
				INFOPLIST_KEY_UILaunchScreen_Generation = YES;
				INFOPLIST_KEY_UISupportedInterfaceOrientations_iPad = "UIInterfaceOrientationPortrait UIInterfaceOrientationPortraitUpsideDown UIInterfaceOrientationLandscapeLeft UIInterfaceOrientationLandscapeRight";
				INFOPLIST_KEY_UISupportedInterfaceOrientations_iPhone = "UIInterfaceOrientationPortrait UIInterfaceOrientationLandscapeLeft UIInterfaceOrientationLandscapeRight";
				LD_RUNPATH_SEARCH_PATHS = (
					"$(inherited)",
					"@executable_path/Frameworks",
				);
				MARKETING_VERSION = 1.0;
				PRODUCT_BUNDLE_IDENTIFIER = "com.divyapanthi.KhaltiDesign-SwiftUI";
				PRODUCT_NAME = "$(TARGET_NAME)";
				SWIFT_EMIT_LOC_STRINGS = YES;
				SWIFT_VERSION = 5.0;
				TARGETED_DEVICE_FAMILY = "1,2";
			};
			name = Debug;
		};
		DA134ACB29B84FE10038B86B /* Release */ = {
			isa = XCBuildConfiguration;
			buildSettings = {
				ASSETCATALOG_COMPILER_APPICON_NAME = AppIcon;
				ASSETCATALOG_COMPILER_GLOBAL_ACCENT_COLOR_NAME = AccentColor;
				CODE_SIGN_STYLE = Automatic;
				CURRENT_PROJECT_VERSION = 1;
				DEVELOPMENT_ASSET_PATHS = "\"KhaltiDesign-SwiftUI/Preview Content\"";
				ENABLE_PREVIEWS = YES;
				GENERATE_INFOPLIST_FILE = YES;
				INFOPLIST_KEY_UIApplicationSceneManifest_Generation = YES;
				INFOPLIST_KEY_UIApplicationSupportsIndirectInputEvents = YES;
				INFOPLIST_KEY_UILaunchScreen_Generation = YES;
				INFOPLIST_KEY_UISupportedInterfaceOrientations_iPad = "UIInterfaceOrientationPortrait UIInterfaceOrientationPortraitUpsideDown UIInterfaceOrientationLandscapeLeft UIInterfaceOrientationLandscapeRight";
				INFOPLIST_KEY_UISupportedInterfaceOrientations_iPhone = "UIInterfaceOrientationPortrait UIInterfaceOrientationLandscapeLeft UIInterfaceOrientationLandscapeRight";
				LD_RUNPATH_SEARCH_PATHS = (
					"$(inherited)",
					"@executable_path/Frameworks",
				);
				MARKETING_VERSION = 1.0;
				PRODUCT_BUNDLE_IDENTIFIER = "com.divyapanthi.KhaltiDesign-SwiftUI";
				PRODUCT_NAME = "$(TARGET_NAME)";
				SWIFT_EMIT_LOC_STRINGS = YES;
				SWIFT_VERSION = 5.0;
				TARGETED_DEVICE_FAMILY = "1,2";
			};
			name = Release;
		};
/* End XCBuildConfiguration section */

/* Begin XCConfigurationList section */
		DA134AB629B84FDE0038B86B /* Build configuration list for PBXProject "KhaltiDesign-SwiftUI" */ = {
			isa = XCConfigurationList;
			buildConfigurations = (
				DA134AC729B84FE10038B86B /* Debug */,
				DA134AC829B84FE10038B86B /* Release */,
			);
			defaultConfigurationIsVisible = 0;
			defaultConfigurationName = Release;
		};
		DA134AC929B84FE10038B86B /* Build configuration list for PBXNativeTarget "KhaltiDesign-SwiftUI" */ = {
			isa = XCConfigurationList;
			buildConfigurations = (
				DA134ACA29B84FE10038B86B /* Debug */,
				DA134ACB29B84FE10038B86B /* Release */,
			);
			defaultConfigurationIsVisible = 0;
			defaultConfigurationName = Release;
		};
/* End XCConfigurationList section */
	};
	rootObject = DA134AB329B84FDE0038B86B /* Project object */;
}
